hash: c41db1ac8085e6f35734d850fd85175b0e2bd30fd0df52e1d428ca7a97e8e249
updated: 2017-07-03T16:47:40.71080347+08:00
imports:
- name: github.com/apache/thrift
  version: 540e346d6ec3be9893ff1f29ef89e000c314edf4
  subpackages:
  - lib/go/thrift
- name: github.com/dropbox/godropbox
  version: 15cc9f3312b2643e5fe3e5290c73ff7f087d610b
  subpackages:
  - errors
- name: github.com/golang/protobuf
  version: 8ee79997227bf9b34611aee7946ae64735e6fd93
  subpackages:
  - proto
  - ptypes/any
- name: github.com/Sirupsen/logrus
  version: 202f25545ea4cf9b191ff7f846df5d87c9382c2b
- name: golang.org/x/net
  version: 1f9224279e98554b6a6432d4dd998a739f8b2b7c
  subpackages:
  - context
  - http2
  - http2/hpack
  - idna
  - internal/timeseries
  - lex/httplex
  - trace
- name: golang.org/x/sys
  version: d75a52659825e75fff6158388dddc6a5b04f9ba5
  subpackages:
  - unix
- name: golang.org/x/text
  version: 2bf8f2a19ec09c670e931282edfe6567f6be21c9
  subpackages:
  - secure/bidirule
  - transform
  - unicode/bidi
  - unicode/norm
- name: google.golang.org/genproto
  version: aa2eb687b4d3e17154372564ad8d6bf11c3cf21f
  subpackages:
  - googleapis/rpc/status
- name: google.golang.org/grpc
  version: b15215fb911b24a5d61d57feec4233d610530464
  subpackages:
  - codes
  - credentials
  - grpclb/grpc_lb_v1
  - grpclog
  - internal
  - keepalive
  - metadata
  - naming
  - peer
  - stats
  - status
  - tap
  - transport
- name: gopkg.in/natefinch/lumberjack.v2
  version: a96e63847dc3c67d17befa69c303767e2f84e54f
testImports: []
